
Microsoft Visual Studio Solution File, Format Version 12.00
# Visual Studio Version 17
VisualStudioVersion = 17.14.36301.6 d17.14
MinimumVisualStudioVersion = 10.0.40219.1
Project("{FAE04EC0-301F-11D3-BF4B-00C04F79EFBC}") = "WPF_Components_Demo", "WPF_Components_Demo\WPF_Components_Demo.csproj", "{52D85E1A-C074-4C14-8173-02253A34A855}"
EndProject
Global
	GlobalSection(SolutionConfigurationPlatforms) = preSolution
		Debug|Any CPU = Debug|Any CPU
		Release|Any CPU = Release|Any CPU
	EndGlobalSection
	GlobalSection(ProjectConfigurationPlatforms) = postSolution
		{52D85E1A-C074-4C14-8173-02253A34A855}.Debug|Any CPU.ActiveCfg = Debug|Any CPU
		{52D85E1A-C074-4C14-8173-02253A34A855}.Debug|Any CPU.Build.0 = Debug|Any CPU
		{52D85E1A-C074-4C14-8173-02253A34A855}.Release|Any CPU.ActiveCfg = Release|Any CPU
		{52D85E1A-C074-4C14-8173-02253A34A855}.Release|Any CPU.Build.0 = Release|Any CPU
	EndGlobalSection
	GlobalSection(SolutionProperties) = preSolution
		HideSolutionNode = FALSE
	EndGlobalSection
	GlobalSection(ExtensibilityGlobals) = postSolution
		SolutionGuid = {5B7E7FBA-AE8C-4879-BE76-1718C3425100}
	EndGlobalSection
EndGlobal
