
Microsoft Visual Studio Solution File, Format Version 12.00
# Visual Studio Version 17
VisualStudioVersion = 17.14.36301.6
MinimumVisualStudioVersion = 10.0.40219.1
Project("{FAE04EC0-301F-11D3-BF4B-00C04F79EFBC}") = "WPF_Components_Demo", "WPF_Components_Demo\WPF_Components_Demo.csproj", "{52D85E1A-C074-4C14-8173-02253A34A855}"
EndProject
Project("{FAE04EC0-301F-11D3-BF4B-00C04F79EFBC}") = "Feature.Infrastructure", "Feature.Infrastructure\Feature.Infrastructure.csproj", "{B3F95CBA-61B6-4844-8E04-B4F1D787977E}"
EndProject
Project("{FAE04EC0-301F-11D3-BF4B-00C04F79EFBC}") = "BasicControls", "BasicControls\BasicControls.csproj", "{28137EE7-59C9-4DB3-93F4-9B540FBFE3B0}"
EndProject
Project("{2150E333-8FDC-42A3-9474-1A3956D46DE8}") = "00-Infrastructure", "00-Infrastructure", "{02EA681E-C7D8-13C7-8484-4AC65E1B71E8}"
EndProject
Project("{2150E333-8FDC-42A3-9474-1A3956D46DE8}") = "01-Demo", "01-Demo", "{127E404F-392D-4BDC-AD87-964AED4129BC}"
	ProjectSection(SolutionItems) = preProject
		Images\open_in_new_24dp_1F1F1F.png = Images\open_in_new_24dp_1F1F1F.png
	EndProjectSection
EndProject
Project("{2150E333-8FDC-42A3-9474-1A3956D46DE8}") = "02-Addons", "02-Addons", "{2AF6633F-1579-4F9D-8EE9-D105483723CD}"
EndProject
Project("{2150E333-8FDC-42A3-9474-1A3956D46DE8}") = "000-Submodules_DoNotModify", "000-Submodules_DoNotModify", "{BCFFDFCF-BA1D-41C4-B998-A8A808C69200}"
EndProject
Project("{FAE04EC0-301F-11D3-BF4B-00C04F79EFBC}") = "Infrastructure", "DotnetFrameworkReferenceLibraries\Infrastructure\Infrastructure.csproj", "{2EE34026-4CD5-47A2-95C7-4EB3D19B7352}"
EndProject
Project("{FAE04EC0-301F-11D3-BF4B-00C04F79EFBC}") = "Infrastructure.UI", "DotnetFrameworkReferenceLibraries\Infrastructure.UI\Infrastructure.UI.csproj", "{06566AC4-6904-4AA0-AF8D-96700F5190A1}"
EndProject
Project("{FAE04EC0-301F-11D3-BF4B-00C04F79EFBC}") = "Feature.Infrastructure.Styles", "Feature.Infrastructure.Styles\Feature.Infrastructure.Styles.csproj", "{362E7832-0C85-496F-9FD3-F3E523EE5661}"
EndProject
Project("{FAE04EC0-301F-11D3-BF4B-00C04F79EFBC}") = "BasicControls.PhaseTwo", "BasicControls.PhaseTwo\BasicControls.PhaseTwo.csproj", "{7EB47C1C-BB9C-414C-A193-DBEE4AD3364C}"
EndProject
Project("{FAE04EC0-301F-11D3-BF4B-00C04F79EFBC}") = "PanelControls", "PanelControls\PanelControls.csproj", "{F805D48A-8384-4505-AF3C-8D25245BC036}"
EndProject
Global
	GlobalSection(SolutionConfigurationPlatforms) = preSolution
		Debug|Any CPU = Debug|Any CPU
		Release|Any CPU = Release|Any CPU
	EndGlobalSection
	GlobalSection(ProjectConfigurationPlatforms) = postSolution
		{52D85E1A-C074-4C14-8173-02253A34A855}.Debug|Any CPU.ActiveCfg = Debug|Any CPU
		{52D85E1A-C074-4C14-8173-02253A34A855}.Debug|Any CPU.Build.0 = Debug|Any CPU
		{52D85E1A-C074-4C14-8173-02253A34A855}.Release|Any CPU.ActiveCfg = Release|Any CPU
		{52D85E1A-C074-4C14-8173-02253A34A855}.Release|Any CPU.Build.0 = Release|Any CPU
		{B3F95CBA-61B6-4844-8E04-B4F1D787977E}.Debug|Any CPU.ActiveCfg = Debug|Any CPU
		{B3F95CBA-61B6-4844-8E04-B4F1D787977E}.Debug|Any CPU.Build.0 = Debug|Any CPU
		{B3F95CBA-61B6-4844-8E04-B4F1D787977E}.Release|Any CPU.ActiveCfg = Release|Any CPU
		{B3F95CBA-61B6-4844-8E04-B4F1D787977E}.Release|Any CPU.Build.0 = Release|Any CPU
		{28137EE7-59C9-4DB3-93F4-9B540FBFE3B0}.Debug|Any CPU.ActiveCfg = Debug|Any CPU
		{28137EE7-59C9-4DB3-93F4-9B540FBFE3B0}.Debug|Any CPU.Build.0 = Debug|Any CPU
		{28137EE7-59C9-4DB3-93F4-9B540FBFE3B0}.Release|Any CPU.ActiveCfg = Release|Any CPU
		{28137EE7-59C9-4DB3-93F4-9B540FBFE3B0}.Release|Any CPU.Build.0 = Release|Any CPU
		{2EE34026-4CD5-47A2-95C7-4EB3D19B7352}.Debug|Any CPU.ActiveCfg = Debug|Any CPU
		{2EE34026-4CD5-47A2-95C7-4EB3D19B7352}.Debug|Any CPU.Build.0 = Debug|Any CPU
		{2EE34026-4CD5-47A2-95C7-4EB3D19B7352}.Release|Any CPU.ActiveCfg = Release|Any CPU
		{2EE34026-4CD5-47A2-95C7-4EB3D19B7352}.Release|Any CPU.Build.0 = Release|Any CPU
		{06566AC4-6904-4AA0-AF8D-96700F5190A1}.Debug|Any CPU.ActiveCfg = Debug|Any CPU
		{06566AC4-6904-4AA0-AF8D-96700F5190A1}.Debug|Any CPU.Build.0 = Debug|Any CPU
		{06566AC4-6904-4AA0-AF8D-96700F5190A1}.Release|Any CPU.ActiveCfg = Release|Any CPU
		{06566AC4-6904-4AA0-AF8D-96700F5190A1}.Release|Any CPU.Build.0 = Release|Any CPU
		{362E7832-0C85-496F-9FD3-F3E523EE5661}.Debug|Any CPU.ActiveCfg = Debug|Any CPU
		{362E7832-0C85-496F-9FD3-F3E523EE5661}.Debug|Any CPU.Build.0 = Debug|Any CPU
		{362E7832-0C85-496F-9FD3-F3E523EE5661}.Release|Any CPU.ActiveCfg = Release|Any CPU
		{362E7832-0C85-496F-9FD3-F3E523EE5661}.Release|Any CPU.Build.0 = Release|Any CPU
		{7EB47C1C-BB9C-414C-A193-DBEE4AD3364C}.Debug|Any CPU.ActiveCfg = Debug|Any CPU
		{7EB47C1C-BB9C-414C-A193-DBEE4AD3364C}.Debug|Any CPU.Build.0 = Debug|Any CPU
		{7EB47C1C-BB9C-414C-A193-DBEE4AD3364C}.Release|Any CPU.ActiveCfg = Release|Any CPU
		{7EB47C1C-BB9C-414C-A193-DBEE4AD3364C}.Release|Any CPU.Build.0 = Release|Any CPU
		{F805D48A-8384-4505-AF3C-8D25245BC036}.Debug|Any CPU.ActiveCfg = Debug|Any CPU
		{F805D48A-8384-4505-AF3C-8D25245BC036}.Debug|Any CPU.Build.0 = Debug|Any CPU
		{F805D48A-8384-4505-AF3C-8D25245BC036}.Release|Any CPU.ActiveCfg = Release|Any CPU
		{F805D48A-8384-4505-AF3C-8D25245BC036}.Release|Any CPU.Build.0 = Release|Any CPU
	EndGlobalSection
	GlobalSection(SolutionProperties) = preSolution
		HideSolutionNode = FALSE
	EndGlobalSection
	GlobalSection(NestedProjects) = preSolution
		{52D85E1A-C074-4C14-8173-02253A34A855} = {127E404F-392D-4BDC-AD87-964AED4129BC}
		{B3F95CBA-61B6-4844-8E04-B4F1D787977E} = {02EA681E-C7D8-13C7-8484-4AC65E1B71E8}
		{28137EE7-59C9-4DB3-93F4-9B540FBFE3B0} = {2AF6633F-1579-4F9D-8EE9-D105483723CD}
		{2EE34026-4CD5-47A2-95C7-4EB3D19B7352} = {BCFFDFCF-BA1D-41C4-B998-A8A808C69200}
		{06566AC4-6904-4AA0-AF8D-96700F5190A1} = {BCFFDFCF-BA1D-41C4-B998-A8A808C69200}
		{362E7832-0C85-496F-9FD3-F3E523EE5661} = {02EA681E-C7D8-13C7-8484-4AC65E1B71E8}
		{7EB47C1C-BB9C-414C-A193-DBEE4AD3364C} = {2AF6633F-1579-4F9D-8EE9-D105483723CD}
		{F805D48A-8384-4505-AF3C-8D25245BC036} = {2AF6633F-1579-4F9D-8EE9-D105483723CD}
	EndGlobalSection
	GlobalSection(ExtensibilityGlobals) = postSolution
		SolutionGuid = {5B7E7FBA-AE8C-4879-BE76-1718C3425100}
	EndGlobalSection
EndGlobal
